// !$*UTF8*$!
{
	archiveVersion = 1;
	classes = {
	};
	objectVersion = 56;
	objects = {

/* Begin PBXBuildFile section */
		15C975C92B161D910095BF78 /* AppDelegate.swift in Sources */ = {isa = PBXBuildFile; fileRef = 15C975C82B161D910095BF78 /* AppDelegate.swift */; };
		15C975CB2B161D910095BF78 /* SceneDelegate.swift in Sources */ = {isa = PBXBuildFile; fileRef = 15C975CA2B161D910095BF78 /* SceneDelegate.swift */; };
		15C975CD2B161D910095BF78 /* ViewController.swift in Sources */ = {isa = PBXBuildFile; fileRef = 15C975CC2B161D910095BF78 /* ViewController.swift */; };
		15C975D02B161D910095BF78 /* Main.storyboard in Resources */ = {isa = PBXBuildFile; fileRef = 15C975CE2B161D910095BF78 /* Main.storyboard */; };
		15C975D22B161D920095BF78 /* Assets.xcassets in Resources */ = {isa = PBXBuildFile; fileRef = 15C975D12B161D920095BF78 /* Assets.xcassets */; };
		15C975D52B161D920095BF78 /* LaunchScreen.storyboard in Resources */ = {isa = PBXBuildFile; fileRef = 15C975D32B161D920095BF78 /* LaunchScreen.storyboard */; };
		15C975E02B161E170095BF78 /* LandingView.swift in Sources */ = {isa = PBXBuildFile; fileRef = 15C975DF2B161E170095BF78 /* LandingView.swift */; };
		15C975E52B161E460095BF78 /* Exmaple.swift in Sources */ = {isa = PBXBuildFile; fileRef = 15C975E42B161E460095BF78 /* Exmaple.swift */; };
/* End PBXBuildFile section */

/* Begin PBXFileReference section */
		15C975C52B161D910095BF78 /* DrawingToYou-iOS.app */ = {isa = PBXFileReference; explicitFileType = wrapper.application; includeInIndex = 0; path = "DrawingToYou-iOS.app"; sourceTree = BUILT_PRODUCTS_DIR; };
		15C975C82B161D910095BF78 /* AppDelegate.swift */ = {isa = PBXFileReference; lastKnownFileType = sourcecode.swift; path = AppDelegate.swift; sourceTree = "<group>"; };
		15C975CA2B161D910095BF78 /* SceneDelegate.swift */ = {isa = PBXFileReference; lastKnownFileType = sourcecode.swift; path = SceneDelegate.swift; sourceTree = "<group>"; };
		15C975CC2B161D910095BF78 /* ViewController.swift */ = {isa = PBXFileReference; lastKnownFileType = sourcecode.swift; path = ViewController.swift; sourceTree = "<group>"; };
		15C975CF2B161D910095BF78 /* Base */ = {isa = PBXFileReference; lastKnownFileType = file.storyboard; name = Base; path = Base.lproj/Main.storyboard; sourceTree = "<group>"; };
		15C975D12B161D920095BF78 /* Assets.xcassets */ = {isa = PBXFileReference; lastKnownFileType = folder.assetcatalog; path = Assets.xcassets; sourceTree = "<group>"; };
		15C975D42B161D920095BF78 /* Base */ = {isa = PBXFileReference; lastKnownFileType = file.storyboard; name = Base; path = Base.lproj/LaunchScreen.storyboard; sourceTree = "<group>"; };
		15C975D62B161D920095BF78 /* Info.plist */ = {isa = PBXFileReference; lastKnownFileType = text.plist.xml; path = Info.plist; sourceTree = "<group>"; };
		15C975DF2B161E170095BF78 /* LandingView.swift */ = {isa = PBXFileReference; lastKnownFileType = sourcecode.swift; path = LandingView.swift; sourceTree = "<group>"; };
		15C975E42B161E460095BF78 /* Exmaple.swift */ = {isa = PBXFileReference; lastKnownFileType = sourcecode.swift; path = Exmaple.swift; sourceTree = "<group>"; };
/* End PBXFileReference section */

/* Begin PBXFrameworksBuildPhase section */
		15C975C22B161D910095BF78 /* Frameworks */ = {
			isa = PBXFrameworksBuildPhase;
			buildActionMask = 2147483647;
			files = (
			);
			runOnlyForDeploymentPostprocessing = 0;
		};
/* End PBXFrameworksBuildPhase section */

/* Begin PBXGroup section */
		15C975BC2B161D910095BF78 = {
			isa = PBXGroup;
			children = (
				15C975C72B161D910095BF78 /* DrawingToYou-iOS */,
				15C975C62B161D910095BF78 /* Products */,
			);
			sourceTree = "<group>";
		};
		15C975C62B161D910095BF78 /* Products */ = {
			isa = PBXGroup;
			children = (
				15C975C52B161D910095BF78 /* DrawingToYou-iOS.app */,
			);
			name = Products;
			sourceTree = "<group>";
		};
		15C975C72B161D910095BF78 /* DrawingToYou-iOS */ = {
			isa = PBXGroup;
			children = (
				15C975E22B161E360095BF78 /* Domain */,
				15C975DD2B161E030095BF78 /* Scene */,
				15C975C82B161D910095BF78 /* AppDelegate.swift */,
				15C975CA2B161D910095BF78 /* SceneDelegate.swift */,
				15C975CC2B161D910095BF78 /* ViewController.swift */,
				15C975CE2B161D910095BF78 /* Main.storyboard */,
				15C975D12B161D920095BF78 /* Assets.xcassets */,
				15C975D32B161D920095BF78 /* LaunchScreen.storyboard */,
				15C975D62B161D920095BF78 /* Info.plist */,
			);
			path = "DrawingToYou-iOS";
			sourceTree = "<group>";
		};
		15C975DD2B161E030095BF78 /* Scene */ = {
			isa = PBXGroup;
			children = (
				15C975DE2B161E0D0095BF78 /* Landing */,
			);
			path = Scene;
			sourceTree = "<group>";
		};
		15C975DE2B161E0D0095BF78 /* Landing */ = {
			isa = PBXGroup;
			children = (
				15C975DF2B161E170095BF78 /* LandingView.swift */,
			);
			path = Landing;
			sourceTree = "<group>";
		};
		15C975E22B161E360095BF78 /* Domain */ = {
			isa = PBXGroup;
			children = (
				15C975E32B161E3D0095BF78 /* Entity */,
			);
			path = Domain;
			sourceTree = "<group>";
		};
		15C975E32B161E3D0095BF78 /* Entity */ = {
			isa = PBXGroup;
			children = (
				15C975E42B161E460095BF78 /* Exmaple.swift */,
			);
			path = Entity;
			sourceTree = "<group>";
		};
/* End PBXGroup section */

/* Begin PBXNativeTarget section */
		15C975C42B161D910095BF78 /* DrawingToYou-iOS */ = {
			isa = PBXNativeTarget;
			buildConfigurationList = 15C975D92B161D920095BF78 /* Build configuration list for PBXNativeTarget "DrawingToYou-iOS" */;
			buildPhases = (
				15C975C12B161D910095BF78 /* Sources */,
				15C975C22B161D910095BF78 /* Frameworks */,
				15C975C32B161D910095BF78 /* Resources */,
			);
			buildRules = (
			);
			dependencies = (
			);
			name = "DrawingToYou-iOS";
			productName = "DrawingToYou-iOS";
			productReference = 15C975C52B161D910095BF78 /* DrawingToYou-iOS.app */;
			productType = "com.apple.product-type.application";
		};
/* End PBXNativeTarget section */

/* Begin PBXProject section */
		15C975BD2B161D910095BF78 /* Project object */ = {
			isa = PBXProject;
			attributes = {
				BuildIndependentTargetsInParallel = 1;
				LastSwiftUpdateCheck = 1500;
				LastUpgradeCheck = 1500;
				TargetAttributes = {
					15C975C42B161D910095BF78 = {
						CreatedOnToolsVersion = 15.0.1;
					};
				};
			};
			buildConfigurationList = 15C975C02B161D910095BF78 /* Build configuration list for PBXProject "DrawingToYou-iOS" */;
			compatibilityVersion = "Xcode 14.0";
			developmentRegion = en;
			hasScannedForEncodings = 0;
			knownRegions = (
				en,
				Base,
			);
			mainGroup = 15C975BC2B161D910095BF78;
			productRefGroup = 15C975C62B161D910095BF78 /* Products */;
			projectDirPath = "";
			projectRoot = "";
			targets = (
				15C975C42B161D910095BF78 /* DrawingToYou-iOS */,
			);
		};
/* End PBXProject section */

/* Begin PBXResourcesBuildPhase section */
		15C975C32B161D910095BF78 /* Resources */ = {
			isa = PBXResourcesBuildPhase;
			buildActionMask = 2147483647;
			files = (
				15C975D52B161D920095BF78 /* LaunchScreen.storyboard in Resources */,
				15C975D22B161D920095BF78 /* Assets.xcassets in Resources */,
				15C975D02B161D910095BF78 /* Main.storyboard in Resources */,
			);
			runOnlyForDeploymentPostprocessing = 0;
		};
/* End PBXResourcesBuildPhase section */

/* Begin PBXSourcesBuildPhase section */
		15C975C12B161D910095BF78 /* Sources */ = {
			isa = PBXSourcesBuildPhase;
			buildActionMask = 2147483647;
			files = (
				15C975E52B161E460095BF78 /* Exmaple.swift in Sources */,
				15C975E02B161E170095BF78 /* LandingView.swift in Sources */,
				15C975CD2B161D910095BF78 /* ViewController.swift in Sources */,
				15C975C92B161D910095BF78 /* AppDelegate.swift in Sources */,
				15C975CB2B161D910095BF78 /* SceneDelegate.swift in Sources */,
			);
			runOnlyForDeploymentPostprocessing = 0;
		};
/* End PBXSourcesBuildPhase section */

/* Begin PBXVariantGroup section */
		15C975CE2B161D910095BF78 /* Main.storyboard */ = {
			isa = PBXVariantGroup;
			children = (
				15C975CF2B161D910095BF78 /* Base */,
			);
			name = Main.storyboard;
			sourceTree = "<group>";
		};
		15C975D32B161D920095BF78 /* LaunchScreen.storyboard */ = {
			isa = PBXVariantGroup;
			children = (
				15C975D42B161D920095BF78 /* Base */,
			);
			name = LaunchScreen.storyboard;
			sourceTree = "<group>";
		};
/* End PBXVariantGroup section */

/* Begin XCBuildConfiguration section */
		15C975D72B161D920095BF78 /* Debug */ = {
			isa = XCBuildConfiguration;
			buildSettings = {
				ALWAYS_SEARCH_USER_PATHS = NO;
				ASSETCATALOG_COMPILER_GENERATE_SWIFT_ASSET_SYMBOL_EXTENSIONS = YES;
				CLANG_ANALYZER_NONNULL = YES;
				CLANG_ANALYZER_NUMBER_OBJECT_CONVERSION = YES_AGGRESSIVE;
				CLANG_CXX_LANGUAGE_STANDARD = "gnu++20";
				CLANG_ENABLE_MODULES = YES;
				CLANG_ENABLE_OBJC_ARC = YES;
				CLANG_ENABLE_OBJC_WEAK = YES;
				CLANG_WARN_BLOCK_CAPTURE_AUTORELEASING = YES;
				CLANG_WARN_BOOL_CONVERSION = YES;
				CLANG_WARN_COMMA = YES;
				CLANG_WARN_CONSTANT_CONVERSION = YES;
				CLANG_WARN_DEPRECATED_OBJC_IMPLEMENTATIONS = YES;
				CLANG_WARN_DIRECT_OBJC_ISA_USAGE = YES_ERROR;
				CLANG_WARN_DOCUMENTATION_COMMENTS = YES;
				CLANG_WARN_EMPTY_BODY = YES;
				CLANG_WARN_ENUM_CONVERSION = YES;
				CLANG_WARN_INFINITE_RECURSION = YES;
				CLANG_WARN_INT_CONVERSION = YES;
				CLANG_WARN_NON_LITERAL_NULL_CONVERSION = YES;
				CLANG_WARN_OBJC_IMPLICIT_RETAIN_SELF = YES;
				CLANG_WARN_OBJC_LITERAL_CONVERSION = YES;
				CLANG_WARN_OBJC_ROOT_CLASS = YES_ERROR;
				CLANG_WARN_QUOTED_INCLUDE_IN_FRAMEWORK_HEADER = YES;
				CLANG_WARN_RANGE_LOOP_ANALYSIS = YES;
				CLANG_WARN_STRICT_PROTOTYPES = YES;
				CLANG_WARN_SUSPICIOUS_MOVE = YES;
				CLANG_WARN_UNGUARDED_AVAILABILITY = YES_AGGRESSIVE;
				CLANG_WARN_UNREACHABLE_CODE = YES;
				CLANG_WARN__DUPLICATE_METHOD_MATCH = YES;
				COPY_PHASE_STRIP = NO;
				DEBUG_INFORMATION_FORMAT = dwarf;
				ENABLE_STRICT_OBJC_MSGSEND = YES;
				ENABLE_TESTABILITY = YES;
				ENABLE_USER_SCRIPT_SANDBOXING = YES;
				GCC_C_LANGUAGE_STANDARD = gnu17;
				GCC_DYNAMIC_NO_PIC = NO;
				GCC_NO_COMMON_BLOCKS = YES;
				GCC_OPTIMIZATION_LEVEL = 0;
				GCC_PREPROCESSOR_DEFINITIONS = (
					"DEBUG=1",
					"$(inherited)",
				);
				GCC_WARN_64_TO_32_BIT_CONVERSION = YES;
				GCC_WARN_ABOUT_RETURN_TYPE = YES_ERROR;
				GCC_WARN_UNDECLARED_SELECTOR = YES;
				GCC_WARN_UNINITIALIZED_AUTOS = YES_AGGRESSIVE;
				GCC_WARN_UNUSED_FUNCTION = YES;
				GCC_WARN_UNUSED_VARIABLE = YES;
				IPHONEOS_DEPLOYMENT_TARGET = 17.0;
				LOCALIZATION_PREFERS_STRING_CATALOGS = YES;
				MTL_ENABLE_DEBUG_INFO = INCLUDE_SOURCE;
				MTL_FAST_MATH = YES;
				ONLY_ACTIVE_ARCH = YES;
				SDKROOT = iphoneos;
				SWIFT_ACTIVE_COMPILATION_CONDITIONS = "DEBUG $(inherited)";
				SWIFT_OPTIMIZATION_LEVEL = "-Onone";
			};
			name = Debug;
		};
		15C975D82B161D920095BF78 /* Release */ = {
			isa = XCBuildConfiguration;
			buildSettings = {
				ALWAYS_SEARCH_USER_PATHS = NO;
				ASSETCATALOG_COMPILER_GENERATE_SWIFT_ASSET_SYMBOL_EXTENSIONS = YES;
				CLANG_ANALYZER_NONNULL = YES;
				CLANG_ANALYZER_NUMBER_OBJECT_CONVERSION = YES_AGGRESSIVE;
				CLANG_CXX_LANGUAGE_STANDARD = "gnu++20";
				CLANG_ENABLE_MODULES = YES;
				CLANG_ENABLE_OBJC_ARC = YES;
				CLANG_ENABLE_OBJC_WEAK = YES;
				CLANG_WARN_BLOCK_CAPTURE_AUTORELEASING = YES;
				CLANG_WARN_BOOL_CONVERSION = YES;
				CLANG_WARN_COMMA = YES;
				CLANG_WARN_CONSTANT_CONVERSION = YES;
				CLANG_WARN_DEPRECATED_OBJC_IMPLEMENTATIONS = YES;
				CLANG_WARN_DIRECT_OBJC_ISA_USAGE = YES_ERROR;
				CLANG_WARN_DOCUMENTATION_COMMENTS = YES;
				CLANG_WARN_EMPTY_BODY = YES;
				CLANG_WARN_ENUM_CONVERSION = YES;
				CLANG_WARN_INFINITE_RECURSION = YES;
				CLANG_WARN_INT_CONVERSION = YES;
				CLANG_WARN_NON_LITERAL_NULL_CONVERSION = YES;
				CLANG_WARN_OBJC_IMPLICIT_RETAIN_SELF = YES;
				CLANG_WARN_OBJC_LITERAL_CONVERSION = YES;
				CLANG_WARN_OBJC_ROOT_CLASS = YES_ERROR;
				CLANG_WARN_QUOTED_INCLUDE_IN_FRAMEWORK_HEADER = YES;
				CLANG_WARN_RANGE_LOOP_ANALYSIS = YES;
				CLANG_WARN_STRICT_PROTOTYPES = YES;
				CLANG_WARN_SUSPICIOUS_MOVE = YES;
				CLANG_WARN_UNGUARDED_AVAILABILITY = YES_AGGRESSIVE;
				CLANG_WARN_UNREACHABLE_CODE = YES;
				CLANG_WARN__DUPLICATE_METHOD_MATCH = YES;
				COPY_PHASE_STRIP = NO;
				DEBUG_INFORMATION_FORMAT = "dwarf-with-dsym";
				ENABLE_NS_ASSERTIONS = NO;
				ENABLE_STRICT_OBJC_MSGSEND = YES;
				ENABLE_USER_SCRIPT_SANDBOXING = YES;
				GCC_C_LANGUAGE_STANDARD = gnu17;
				GCC_NO_COMMON_BLOCKS = YES;
				GCC_WARN_64_TO_32_BIT_CONVERSION = YES;
				GCC_WARN_ABOUT_RETURN_TYPE = YES_ERROR;
				GCC_WARN_UNDECLARED_SELECTOR = YES;
				GCC_WARN_UNINITIALIZED_AUTOS = YES_AGGRESSIVE;
				GCC_WARN_UNUSED_FUNCTION = YES;
				GCC_WARN_UNUSED_VARIABLE = YES;
				IPHONEOS_DEPLOYMENT_TARGET = 17.0;
				LOCALIZATION_PREFERS_STRING_CATALOGS = YES;
				MTL_ENABLE_DEBUG_INFO = NO;
				MTL_FAST_MATH = YES;
				SDKROOT = iphoneos;
				SWIFT_COMPILATION_MODE = wholemodule;
				VALIDATE_PRODUCT = YES;
			};
			name = Release;
		};
		15C975DA2B161D920095BF78 /* Debug */ = {
			isa = XCBuildConfiguration;
			buildSettings = {
				ASSETCATALOG_COMPILER_APPICON_NAME = AppIcon;
				ASSETCATALOG_COMPILER_GLOBAL_ACCENT_COLOR_NAME = AccentColor;
				CODE_SIGN_STYLE = Automatic;
				CURRENT_PROJECT_VERSION = 1;
				DEVELOPMENT_TEAM = MLFF8438BY;
				GENERATE_INFOPLIST_FILE = YES;
				INFOPLIST_FILE = "DrawingToYou-iOS/Info.plist";
				INFOPLIST_KEY_UIApplicationSupportsIndirectInputEvents = YES;
				INFOPLIST_KEY_UILaunchStoryboardName = LaunchScreen;
				INFOPLIST_KEY_UIMainStoryboardFile = Main;
				INFOPLIST_KEY_UISupportedInterfaceOrientations_iPad = "UIInterfaceOrientationPortrait UIInterfaceOrientationPortraitUpsideDown UIInterfaceOrientationLandscapeLeft UIInterfaceOrientationLandscapeRight";
				INFOPLIST_KEY_UISupportedInterfaceOrientations_iPhone = "UIInterfaceOrientationPortrait UIInterfaceOrientationLandscapeLeft UIInterfaceOrientationLandscapeRight";
				LD_RUNPATH_SEARCH_PATHS = (
					"$(inherited)",
					"@executable_path/Frameworks",
				);
				MARKETING_VERSION = 1.0;
				PRODUCT_BUNDLE_IDENTIFIER = "kimhyesu.DrawingToYou-iOS";
				PRODUCT_NAME = "$(TARGET_NAME)";
				SWIFT_EMIT_LOC_STRINGS = YES;
				SWIFT_VERSION = 5.0;
				TARGETED_DEVICE_FAMILY = "1,2";
			};
			name = Debug;
		};
		15C975DB2B161D920095BF78 /* Release */ = {
			isa = XCBuildConfiguration;
			buildSettings = {
				ASSETCATALOG_COMPILER_APPICON_NAME = AppIcon;
				ASSETCATALOG_COMPILER_GLOBAL_ACCENT_COLOR_NAME = AccentColor;
				CODE_SIGN_STYLE = Automatic;
				CURRENT_PROJECT_VERSION = 1;
				DEVELOPMENT_TEAM = MLFF8438BY;
				GENERATE_INFOPLIST_FILE = YES;
				INFOPLIST_FILE = "DrawingToYou-iOS/Info.plist";
				INFOPLIST_KEY_UIApplicationSupportsIndirectInputEvents = YES;
				INFOPLIST_KEY_UILaunchStoryboardName = LaunchScreen;
				INFOPLIST_KEY_UIMainStoryboardFile = Main;
				INFOPLIST_KEY_UISupportedInterfaceOrientations_iPad = "UIInterfaceOrientationPortrait UIInterfaceOrientationPortraitUpsideDown UIInterfaceOrientationLandscapeLeft UIInterfaceOrientationLandscapeRight";
				INFOPLIST_KEY_UISupportedInterfaceOrientations_iPhone = "UIInterfaceOrientationPortrait UIInterfaceOrientationLandscapeLeft UIInterfaceOrientationLandscapeRight";
				LD_RUNPATH_SEARCH_PATHS = (
					"$(inherited)",
					"@executable_path/Frameworks",
				);
				MARKETING_VERSION = 1.0;
				PRODUCT_BUNDLE_IDENTIFIER = "kimhyesu.DrawingToYou-iOS";
				PRODUCT_NAME = "$(TARGET_NAME)";
				SWIFT_EMIT_LOC_STRINGS = YES;
				SWIFT_VERSION = 5.0;
				TARGETED_DEVICE_FAMILY = "1,2";
			};
			name = Release;
		};
/* End XCBuildConfiguration section */

/* Begin XCConfigurationList section */
		15C975C02B161D910095BF78 /* Build configuration list for PBXProject "DrawingToYou-iOS" */ = {
			isa = XCConfigurationList;
			buildConfigurations = (
				15C975D72B161D920095BF78 /* Debug */,
				15C975D82B161D920095BF78 /* Release */,
			);
			defaultConfigurationIsVisible = 0;
			defaultConfigurationName = Release;
		};
		15C975D92B161D920095BF78 /* Build configuration list for PBXNativeTarget "DrawingToYou-iOS" */ = {
			isa = XCConfigurationList;
			buildConfigurations = (
				15C975DA2B161D920095BF78 /* Debug */,
				15C975DB2B161D920095BF78 /* Release */,
			);
			defaultConfigurationIsVisible = 0;
			defaultConfigurationName = Release;
		};
/* End XCConfigurationList section */
	};
	rootObject = 15C975BD2B161D910095BF78 /* Project object */;
}
